PODS:
  - audio_session (0.0.1):
    - FlutterMacOS
  - auto_updater_macos (0.0.1):
    - FlutterMacOS
    - Sparkle
  - clipboard_watcher (0.0.1):
    - FlutterMacOS
  - desktop_multi_window (0.0.1):
    - FlutterMacOS
  - FlutterMacOS (1.0.0)
  - HotKey (0.2.1)
  - hotkey_manager_macos (0.0.1):
    - FlutterMacOS
    - HotKey
  - just_audio (0.0.1):
    - Flutter
    - FlutterMacOS
  - keypress_simulator_macos (0.0.1):
    - FlutterMacOS
  - pasteboard (0.0.1):
    - FlutterMacOS
  - path_provider_foundation (0.0.1):
    - Flutter
    - FlutterMacOS
  - record_darwin (1.0.0):
    - FlutterMacOS
  - screen_capturer_macos (0.0.1):
    - FlutterMacOS
  - screen_retriever_macos (0.0.1):
    - FlutterMacOS
  - Sparkle (2.7.0)
  - url_launcher_macos (0.0.1):
    - FlutterMacOS
  - volume_controller (0.0.1):
    - FlutterMacOS
  - window_manager (0.2.0):
    - FlutterMacOS

DEPENDENCIES:
  - audio_session (from `Flutter/ephemeral/.symlinks/plugins/audio_session/macos`)
  - auto_updater_macos (from `Flutter/ephemeral/.symlinks/plugins/auto_updater_macos/macos`)
  - clipboard_watcher (from `Flutter/ephemeral/.symlinks/plugins/clipboard_watcher/macos`)
  - desktop_multi_window (from `Flutter/ephemeral/.symlinks/plugins/desktop_multi_window/macos`)
  - FlutterMacOS (from `Flutter/ephemeral`)
  - hotkey_manager_macos (from `Flutter/ephemeral/.symlinks/plugins/hotkey_manager_macos/macos`)
  - just_audio (from `Flutter/ephemeral/.symlinks/plugins/just_audio/darwin`)
  - keypress_simulator_macos (from `Flutter/ephemeral/.symlinks/plugins/keypress_simulator_macos/macos`)
  - pasteboard (from `Flutter/ephemeral/.symlinks/plugins/pasteboard/macos`)
  - path_provider_foundation (from `Flutter/ephemeral/.symlinks/plugins/path_provider_foundation/darwin`)
  - record_darwin (from `Flutter/ephemeral/.symlinks/plugins/record_darwin/macos`)
  - screen_capturer_macos (from `Flutter/ephemeral/.symlinks/plugins/screen_capturer_macos/macos`)
  - screen_retriever_macos (from `Flutter/ephemeral/.symlinks/plugins/screen_retriever_macos/macos`)
  - Sparkle (~> 2.5)
  - url_launcher_macos (from `Flutter/ephemeral/.symlinks/plugins/url_launcher_macos/macos`)
  - volume_controller (from `Flutter/ephemeral/.symlinks/plugins/volume_controller/macos`)
  - window_manager (from `Flutter/ephemeral/.symlinks/plugins/window_manager/macos`)

SPEC REPOS:
  trunk:
    - HotKey
    - Sparkle

EXTERNAL SOURCES:
  audio_session:
    :path: Flutter/ephemeral/.symlinks/plugins/audio_session/macos
  auto_updater_macos:
    :path: Flutter/ephemeral/.symlinks/plugins/auto_updater_macos/macos
  clipboard_watcher:
    :path: Flutter/ephemeral/.symlinks/plugins/clipboard_watcher/macos
  desktop_multi_window:
    :path: Flutter/ephemeral/.symlinks/plugins/desktop_multi_window/macos
  FlutterMacOS:
    :path: Flutter/ephemeral
  hotkey_manager_macos:
    :path: Flutter/ephemeral/.symlinks/plugins/hotkey_manager_macos/macos
  just_audio:
    :path: Flutter/ephemeral/.symlinks/plugins/just_audio/darwin
  keypress_simulator_macos:
    :path: Flutter/ephemeral/.symlinks/plugins/keypress_simulator_macos/macos
  pasteboard:
    :path: Flutter/ephemeral/.symlinks/plugins/pasteboard/macos
  path_provider_foundation:
    :path: Flutter/ephemeral/.symlinks/plugins/path_provider_foundation/darwin
  record_darwin:
    :path: Flutter/ephemeral/.symlinks/plugins/record_darwin/macos
  screen_capturer_macos:
    :path: Flutter/ephemeral/.symlinks/plugins/screen_capturer_macos/macos
  screen_retriever_macos:
    :path: Flutter/ephemeral/.symlinks/plugins/screen_retriever_macos/macos
  url_launcher_macos:
    :path: Flutter/ephemeral/.symlinks/plugins/url_launcher_macos/macos
  volume_controller:
    :path: Flutter/ephemeral/.symlinks/plugins/volume_controller/macos
  window_manager:
    :path: Flutter/ephemeral/.symlinks/plugins/window_manager/macos

SPEC CHECKSUMS:
  audio_session: 728ae3823d914f809c485d390274861a24b0904e
  auto_updater_macos: 3e3462c418fe4e731917eacd8d28eef7af84086d
  clipboard_watcher: a71da520051c24c1b969a411b3e152d4dcc93ca5
  desktop_multi_window: 566489c048b501134f9d7fb6a2354c60a9126486
  FlutterMacOS: 8f6f14fa908a6fb3fba0cd85dbd81ec4b251fb24
  HotKey: 400beb7caa29054ea8d864c96f5ba7e5b4852277
  hotkey_manager_macos: 1e2edb0c7ae4fe67108af44a9d3445de41404160
  just_audio: a42c63806f16995daf5b219ae1d679deb76e6a79
  keypress_simulator_macos: f8556f9101f9f2f175652e0bceddf0fe82a4c6b2
  pasteboard: 9b69dba6fedbb04866be632205d532fe2f6b1d99
  path_provider_foundation: 2b6b4c569c0fb62ec74538f866245ac84301af46
  record_darwin: a0d515a0ef78c440c123ea3ac76184c9927a94d6
  screen_capturer_macos: e91a66e1eeefd5e4fe068bb1bffc053cc34b63b8
  screen_retriever_macos: 776e0fa5d42c6163d2bf772d22478df4b302b161
  Sparkle: 9c328bdcfbcaf8f030c4b678eadfd0fcb03822d8
  url_launcher_macos: c82c93949963e55b228a30115bd219499a6fe404
  volume_controller: 90a5978956cf18ebb7739bf5382fc1b0cfef66d0
  window_manager: 3a1844359a6295ab1e47659b1a777e36773cd6e8

PODFILE CHECKSUM: 2c68515e45b200922fd75f1c061143d920fd1aa4

COCOAPODS: 1.16.2
